
Microsoft Visual Studio Solution File, Format Version 12.00
# Visual Studio 15
VisualStudioVersion = 15.0.27703.2042
MinimumVisualStudioVersion = 10.0.40219.1
Project("{9A19103F-16F7-4668-BE54-9A1E7A4F7556}") = "QREntry.WebAPI", "QREntry.WebAPI\QREntry.WebAPI.csproj", "{699DBA4E-6681-4180-BF3D-384F38191922}"
EndProject
Project("{9A19103F-16F7-4668-BE54-9A1E7A4F7556}") = "QREntry.Library", "QREntry.Library\QREntry.Library.csproj", "{A83098B3-48FB-44A2-9696-521ADAADF236}"
EndProject
Project("{2150E333-8FDC-42A3-9474-1A3956D46DE8}") = "Solution Items", "Solution Items", "{F0868DE5-CF84-4FF6-9D90-FF54B27720A6}"
	ProjectSection(SolutionItems) = preProject
		.gitignore = .gitignore
		LICENSE = LICENSE
		QREntry.Diagram.xml = QREntry.Diagram.xml
		README.md = README.md
	EndProjectSection
EndProject
Project("{9A19103F-16F7-4668-BE54-9A1E7A4F7556}") = "QREntry.DataAccess", "QREntry.DataAccess\QREntry.DataAccess.csproj", "{34BEFF6C-8385-4B3A-A243-6A07051CAE28}"
EndProject
Project("{9A19103F-16F7-4668-BE54-9A1E7A4F7556}") = "QREntry.ReactUI", "QREntry.ReactUI\QREntry.ReactUI.csproj", "{C0D4E5D7-C440-4E9B-A4AF-971D2719B94F}"
EndProject
Global
	GlobalSection(SolutionConfigurationPlatforms) = preSolution
		Debug|Any CPU = Debug|Any CPU
		Release|Any CPU = Release|Any CPU
	EndGlobalSection
	GlobalSection(ProjectConfigurationPlatforms) = postSolution
		{699DBA4E-6681-4180-BF3D-384F38191922}.Debug|Any CPU.ActiveCfg = Debug|Any CPU
		{699DBA4E-6681-4180-BF3D-384F38191922}.Debug|Any CPU.Build.0 = Debug|Any CPU
		{699DBA4E-6681-4180-BF3D-384F38191922}.Release|Any CPU.ActiveCfg = Release|Any CPU
		{699DBA4E-6681-4180-BF3D-384F38191922}.Release|Any CPU.Build.0 = Release|Any CPU
		{A83098B3-48FB-44A2-9696-521ADAADF236}.Debug|Any CPU.ActiveCfg = Debug|Any CPU
		{A83098B3-48FB-44A2-9696-521ADAADF236}.Debug|Any CPU.Build.0 = Debug|Any CPU
		{A83098B3-48FB-44A2-9696-521ADAADF236}.Release|Any CPU.ActiveCfg = Release|Any CPU
		{A83098B3-48FB-44A2-9696-521ADAADF236}.Release|Any CPU.Build.0 = Release|Any CPU
		{34BEFF6C-8385-4B3A-A243-6A07051CAE28}.Debug|Any CPU.ActiveCfg = Debug|Any CPU
		{34BEFF6C-8385-4B3A-A243-6A07051CAE28}.Debug|Any CPU.Build.0 = Debug|Any CPU
		{34BEFF6C-8385-4B3A-A243-6A07051CAE28}.Release|Any CPU.ActiveCfg = Release|Any CPU
		{34BEFF6C-8385-4B3A-A243-6A07051CAE28}.Release|Any CPU.Build.0 = Release|Any CPU
		{C0D4E5D7-C440-4E9B-A4AF-971D2719B94F}.Debug|Any CPU.ActiveCfg = Debug|Any CPU
		{C0D4E5D7-C440-4E9B-A4AF-971D2719B94F}.Debug|Any CPU.Build.0 = Debug|Any CPU
		{C0D4E5D7-C440-4E9B-A4AF-971D2719B94F}.Release|Any CPU.ActiveCfg = Release|Any CPU
		{C0D4E5D7-C440-4E9B-A4AF-971D2719B94F}.Release|Any CPU.Build.0 = Release|Any CPU
	EndGlobalSection
	GlobalSection(SolutionProperties) = preSolution
		HideSolutionNode = FALSE
	EndGlobalSection
	GlobalSection(ExtensibilityGlobals) = postSolution
		SolutionGuid = {B13530A6-E09B-4FCD-8C7B-2C6A8207CA8F}
	EndGlobalSection
EndGlobal
